
Microsoft Visual Studio Solution File, Format Version 12.00
# Visual Studio 15
Project("{2150E333-8FDC-42A3-9474-1A3956D46DE8}") = "Application", "Application", "{72185305-4ABC-46D5-9421-800520C7360B}"
EndProject
Project("{2150E333-8FDC-42A3-9474-1A3956D46DE8}") = "Domain", "Domain", "{D51C0464-D57C-48F2-9B5E-68D261A3BEE0}"
EndProject
Project("{2150E333-8FDC-42A3-9474-1A3956D46DE8}") = "Service", "Service", "{A2111110-E0BC-49BF-934F-EF592D7D1640}"
EndProject
Project("{2150E333-8FDC-42A3-9474-1A3956D46DE8}") = "Infra", "Infra", "{0ECD1894-9570-414E-996A-2B0E1AAB77DD}"
EndProject
Project("{2150E333-8FDC-42A3-9474-1A3956D46DE8}") = "Data", "Data", "{293E04DB-3F00-4601-9C3D-BC458A57DEAE}"
EndProject
Project("{2150E333-8FDC-42A3-9474-1A3956D46DE8}") = "CrossCutting", "CrossCutting", "{1D2036E6-7989-477A-B10F-F89B66F344A2}"
EndProject
Project("{FAE04EC0-301F-11D3-BF4B-00C04F79EFBC}") = "Airplane.Application", "Airplaine.Application\Airplane.Application.csproj", "{C7908C49-D35C-4D9E-8481-E34B897E927D}"
EndProject
Project("{FAE04EC0-301F-11D3-BF4B-00C04F79EFBC}") = "Airplane.Domain", "Airplane.Domain\Airplane.Domain.csproj", "{D45EBFB3-455D-4D42-8016-B2537779525A}"
EndProject
Project("{FAE04EC0-301F-11D3-BF4B-00C04F79EFBC}") = "Aiplane.Service", "Airplane.Service\Aiplane.Service.csproj", "{D30FB850-6DD6-4440-9889-DAE9BB6D159A}"
EndProject
Project("{FAE04EC0-301F-11D3-BF4B-00C04F79EFBC}") = "Airplane.Infra.CrossCutting", "Airplane.Infra.CrossCutting\Airplane.Infra.CrossCutting.csproj", "{467E6D1A-7EE1-4755-8377-077CCAE41D2C}"
EndProject
Project("{FAE04EC0-301F-11D3-BF4B-00C04F79EFBC}") = "Airplane.Infra.Data", "Airplane.Infra.Data\Airplane.Infra.Data.csproj", "{1DA49BC3-0657-422D-9452-16400A3F6311}"
EndProject
Global
	GlobalSection(SolutionConfigurationPlatforms) = preSolution
		Debug|x86 = Debug|x86
		Release|x86 = Release|x86
	EndGlobalSection
	GlobalSection(ProjectConfigurationPlatforms) = postSolution
		{C7908C49-D35C-4D9E-8481-E34B897E927D}.Debug|x86.ActiveCfg = Debug|Any CPU
		{C7908C49-D35C-4D9E-8481-E34B897E927D}.Debug|x86.Build.0 = Debug|Any CPU
		{C7908C49-D35C-4D9E-8481-E34B897E927D}.Release|x86.ActiveCfg = Release|Any CPU
		{C7908C49-D35C-4D9E-8481-E34B897E927D}.Release|x86.Build.0 = Release|Any CPU
		{D45EBFB3-455D-4D42-8016-B2537779525A}.Debug|x86.ActiveCfg = Debug|Any CPU
		{D45EBFB3-455D-4D42-8016-B2537779525A}.Debug|x86.Build.0 = Debug|Any CPU
		{D45EBFB3-455D-4D42-8016-B2537779525A}.Release|x86.ActiveCfg = Release|Any CPU
		{D45EBFB3-455D-4D42-8016-B2537779525A}.Release|x86.Build.0 = Release|Any CPU
		{D30FB850-6DD6-4440-9889-DAE9BB6D159A}.Debug|x86.ActiveCfg = Debug|Any CPU
		{D30FB850-6DD6-4440-9889-DAE9BB6D159A}.Debug|x86.Build.0 = Debug|Any CPU
		{D30FB850-6DD6-4440-9889-DAE9BB6D159A}.Release|x86.ActiveCfg = Release|Any CPU
		{D30FB850-6DD6-4440-9889-DAE9BB6D159A}.Release|x86.Build.0 = Release|Any CPU
		{467E6D1A-7EE1-4755-8377-077CCAE41D2C}.Debug|x86.ActiveCfg = Debug|Any CPU
		{467E6D1A-7EE1-4755-8377-077CCAE41D2C}.Debug|x86.Build.0 = Debug|Any CPU
		{467E6D1A-7EE1-4755-8377-077CCAE41D2C}.Release|x86.ActiveCfg = Release|Any CPU
		{467E6D1A-7EE1-4755-8377-077CCAE41D2C}.Release|x86.Build.0 = Release|Any CPU
		{1DA49BC3-0657-422D-9452-16400A3F6311}.Debug|x86.ActiveCfg = Debug|Any CPU
		{1DA49BC3-0657-422D-9452-16400A3F6311}.Debug|x86.Build.0 = Debug|Any CPU
		{1DA49BC3-0657-422D-9452-16400A3F6311}.Release|x86.ActiveCfg = Release|Any CPU
		{1DA49BC3-0657-422D-9452-16400A3F6311}.Release|x86.Build.0 = Release|Any CPU
	EndGlobalSection
	GlobalSection(NestedProjects) = preSolution
		{293E04DB-3F00-4601-9C3D-BC458A57DEAE} = {0ECD1894-9570-414E-996A-2B0E1AAB77DD}
		{1D2036E6-7989-477A-B10F-F89B66F344A2} = {0ECD1894-9570-414E-996A-2B0E1AAB77DD}
		{C7908C49-D35C-4D9E-8481-E34B897E927D} = {72185305-4ABC-46D5-9421-800520C7360B}
		{D45EBFB3-455D-4D42-8016-B2537779525A} = {D51C0464-D57C-48F2-9B5E-68D261A3BEE0}
		{D30FB850-6DD6-4440-9889-DAE9BB6D159A} = {A2111110-E0BC-49BF-934F-EF592D7D1640}
		{467E6D1A-7EE1-4755-8377-077CCAE41D2C} = {1D2036E6-7989-477A-B10F-F89B66F344A2}
		{1DA49BC3-0657-422D-9452-16400A3F6311} = {293E04DB-3F00-4601-9C3D-BC458A57DEAE}
	EndGlobalSection
EndGlobal
